
Microsoft Visual Studio Solution File, Format Version 12.00
# Visual Studio Version 16
VisualStudioVersion = 16.0.30907.101
MinimumVisualStudioVersion = 10.0.40219.1
Project("{FAE04EC0-301F-11D3-BF4B-00C04F79EFBC}") = "20163167_정승원", "20163167_정승원\20163167_정승원.csproj", "{6308FD05-140E-4C3C-A819-C14EFECFB417}"
EndProject
Global
	GlobalSection(SolutionConfigurationPlatforms) = preSolution
		Debug|Any CPU = Debug|Any CPU
		Release|Any CPU = Release|Any CPU
	EndGlobalSection
	GlobalSection(ProjectConfigurationPlatforms) = postSolution
		{6308FD05-140E-4C3C-A819-C14EFECFB417}.Debug|Any CPU.ActiveCfg = Debug|Any CPU
		{6308FD05-140E-4C3C-A819-C14EFECFB417}.Debug|Any CPU.Build.0 = Debug|Any CPU
		{6308FD05-140E-4C3C-A819-C14EFECFB417}.Release|Any CPU.ActiveCfg = Release|Any CPU
		{6308FD05-140E-4C3C-A819-C14EFECFB417}.Release|Any CPU.Build.0 = Release|Any CPU
	EndGlobalSection
	GlobalSection(SolutionProperties) = preSolution
		HideSolutionNode = FALSE
	EndGlobalSection
	GlobalSection(ExtensibilityGlobals) = postSolution
		SolutionGuid = {4DB78B6B-BC46-4FBE-B5FA-DA626CA417CC}
	EndGlobalSection
EndGlobal
